
Microsoft Visual Studio Solution File, Format Version 12.00
# Visual Studio 15
Project("{FAE04EC0-301F-11D3-BF4B-00C04F79EFBC}") = "CarFuel.Models", "CarFuel.Models\CarFuel.Models.csproj", "{4DDC12E0-D0BB-4AF1-8DA9-5D233DEB4878}"
EndProject
Project("{FAE04EC0-301F-11D3-BF4B-00C04F79EFBC}") = "CarFuel.Facts", "CarFuel.Facts\CarFuel.Facts.csproj", "{92EEFF1A-5439-4A64-A019-425EC8E1E7EB}"
EndProject
Global
	GlobalSection(SolutionConfigurationPlatforms) = preSolution
		Debug|Any CPU = Debug|Any CPU
		Release|Any CPU = Release|Any CPU
	EndGlobalSection
	GlobalSection(ProjectConfigurationPlatforms) = postSolution
		{4DDC12E0-D0BB-4AF1-8DA9-5D233DEB4878}.Debug|Any CPU.ActiveCfg = Debug|Any CPU
		{4DDC12E0-D0BB-4AF1-8DA9-5D233DEB4878}.Debug|Any CPU.Build.0 = Debug|Any CPU
		{4DDC12E0-D0BB-4AF1-8DA9-5D233DEB4878}.Release|Any CPU.ActiveCfg = Release|Any CPU
		{4DDC12E0-D0BB-4AF1-8DA9-5D233DEB4878}.Release|Any CPU.Build.0 = Release|Any CPU
		{92EEFF1A-5439-4A64-A019-425EC8E1E7EB}.Debug|Any CPU.ActiveCfg = Debug|Any CPU
		{92EEFF1A-5439-4A64-A019-425EC8E1E7EB}.Debug|Any CPU.Build.0 = Debug|Any CPU
		{92EEFF1A-5439-4A64-A019-425EC8E1E7EB}.Release|Any CPU.ActiveCfg = Release|Any CPU
		{92EEFF1A-5439-4A64-A019-425EC8E1E7EB}.Release|Any CPU.Build.0 = Release|Any CPU
	EndGlobalSection
EndGlobal
